
Microsoft Visual Studio Solution File, Format Version 12.00
# Visual Studio 14
VisualStudioVersion = 14.0.25123.0
MinimumVisualStudioVersion = 10.0.40219.1
Project("{FAE04EC0-301F-11D3-BF4B-00C04F79EFBC}") = "Simplic.CXUI", "Simplic.CXUI\Simplic.CXUI.csproj", "{624CCC63-E7DD-4AC7-9FD1-81701004343C}"
EndProject
Project("{FAE04EC0-301F-11D3-BF4B-00C04F79EFBC}") = "SXUI.Test", "SXUI.Test\SXUI.Test.csproj", "{F861116D-ADB2-4688-A41A-59DC64EA055C}"
EndProject
Global
	GlobalSection(SolutionConfigurationPlatforms) = preSolution
		Debug|Any CPU = Debug|Any CPU
		Release|Any CPU = Release|Any CPU
	EndGlobalSection
	GlobalSection(ProjectConfigurationPlatforms) = postSolution
		{624CCC63-E7DD-4AC7-9FD1-81701004343C}.Debug|Any CPU.ActiveCfg = Debug|Any CPU
		{624CCC63-E7DD-4AC7-9FD1-81701004343C}.Debug|Any CPU.Build.0 = Debug|Any CPU
		{624CCC63-E7DD-4AC7-9FD1-81701004343C}.Release|Any CPU.ActiveCfg = Release|Any CPU
		{624CCC63-E7DD-4AC7-9FD1-81701004343C}.Release|Any CPU.Build.0 = Release|Any CPU
		{F861116D-ADB2-4688-A41A-59DC64EA055C}.Debug|Any CPU.ActiveCfg = Debug|Any CPU
		{F861116D-ADB2-4688-A41A-59DC64EA055C}.Debug|Any CPU.Build.0 = Debug|Any CPU
		{F861116D-ADB2-4688-A41A-59DC64EA055C}.Release|Any CPU.ActiveCfg = Release|Any CPU
		{F861116D-ADB2-4688-A41A-59DC64EA055C}.Release|Any CPU.Build.0 = Release|Any CPU
	EndGlobalSection
	GlobalSection(SolutionProperties) = preSolution
		HideSolutionNode = FALSE
	EndGlobalSection
EndGlobal
